
Microsoft Visual Studio Solution File, Format Version 12.00
# Visual Studio Version 17
VisualStudioVersion = 17.10.34928.147
MinimumVisualStudioVersion = 10.0.40219.1
Project("{2150E333-8FDC-42A3-9474-1A3956D46DE8}") = "Core", "Core", "{3EA53F42-F8A5-42DF-BA03-51A086ECA526}"
EndProject
Project("{2150E333-8FDC-42A3-9474-1A3956D46DE8}") = "Infrastructure", "Infrastructure", "{7B6D5B56-98C1-4FBD-A048-71C57993931F}"
EndProject
Project("{2150E333-8FDC-42A3-9474-1A3956D46DE8}") = "Presentation", "Presentation", "{71DA7B70-6DE3-4167-B0B9-4DAC926DD2A0}"
EndProject
Project("{FAE04EC0-301F-11D3-BF4B-00C04F79EFBC}") = "YoutubeApi.Domain", "Core\YoutubeApi.Domain\YoutubeApi.Domain.csproj", "{033F3784-2E4F-4268-918E-8CAC3DA2556F}"
EndProject
Project("{FAE04EC0-301F-11D3-BF4B-00C04F79EFBC}") = "YoutubeApi.Application", "Core\YoutubeApi.Application\YoutubeApi.Application.csproj", "{337A3979-46AC-400D-9C33-F064608EC508}"
EndProject
Project("{FAE04EC0-301F-11D3-BF4B-00C04F79EFBC}") = "YoutubeApi.Persistence", "Infrastructure\YoutubeApi.Persistence\YoutubeApi.Persistence.csproj", "{61B3594B-58D8-4BDE-B511-BA99B19F082F}"
EndProject
Project("{FAE04EC0-301F-11D3-BF4B-00C04F79EFBC}") = "YoutubeApi.Infrastructure", "Infrastructure\YoutubeApi.Infrastructure\YoutubeApi.Infrastructure.csproj", "{8576B2B2-5644-4FF3-9BA9-2BB23FB02D48}"
EndProject
Project("{FAE04EC0-301F-11D3-BF4B-00C04F79EFBC}") = "YoutubeApi.Api", "Presentation\YoutubeApi.Api\YoutubeApi.Api.csproj", "{F2CC2FE5-4B1D-4897-B19A-39984171EB0D}"
EndProject
Global
	GlobalSection(SolutionConfigurationPlatforms) = preSolution
		Debug|Any CPU = Debug|Any CPU
		Release|Any CPU = Release|Any CPU
	EndGlobalSection
	GlobalSection(ProjectConfigurationPlatforms) = postSolution
		{033F3784-2E4F-4268-918E-8CAC3DA2556F}.Debug|Any CPU.ActiveCfg = Debug|Any CPU
		{033F3784-2E4F-4268-918E-8CAC3DA2556F}.Debug|Any CPU.Build.0 = Debug|Any CPU
		{033F3784-2E4F-4268-918E-8CAC3DA2556F}.Release|Any CPU.ActiveCfg = Release|Any CPU
		{033F3784-2E4F-4268-918E-8CAC3DA2556F}.Release|Any CPU.Build.0 = Release|Any CPU
		{337A3979-46AC-400D-9C33-F064608EC508}.Debug|Any CPU.ActiveCfg = Debug|Any CPU
		{337A3979-46AC-400D-9C33-F064608EC508}.Debug|Any CPU.Build.0 = Debug|Any CPU
		{337A3979-46AC-400D-9C33-F064608EC508}.Release|Any CPU.ActiveCfg = Release|Any CPU
		{337A3979-46AC-400D-9C33-F064608EC508}.Release|Any CPU.Build.0 = Release|Any CPU
		{61B3594B-58D8-4BDE-B511-BA99B19F082F}.Debug|Any CPU.ActiveCfg = Debug|Any CPU
		{61B3594B-58D8-4BDE-B511-BA99B19F082F}.Debug|Any CPU.Build.0 = Debug|Any CPU
		{61B3594B-58D8-4BDE-B511-BA99B19F082F}.Release|Any CPU.ActiveCfg = Release|Any CPU
		{61B3594B-58D8-4BDE-B511-BA99B19F082F}.Release|Any CPU.Build.0 = Release|Any CPU
		{8576B2B2-5644-4FF3-9BA9-2BB23FB02D48}.Debug|Any CPU.ActiveCfg = Debug|Any CPU
		{8576B2B2-5644-4FF3-9BA9-2BB23FB02D48}.Debug|Any CPU.Build.0 = Debug|Any CPU
		{8576B2B2-5644-4FF3-9BA9-2BB23FB02D48}.Release|Any CPU.ActiveCfg = Release|Any CPU
		{8576B2B2-5644-4FF3-9BA9-2BB23FB02D48}.Release|Any CPU.Build.0 = Release|Any CPU
		{F2CC2FE5-4B1D-4897-B19A-39984171EB0D}.Debug|Any CPU.ActiveCfg = Debug|Any CPU
		{F2CC2FE5-4B1D-4897-B19A-39984171EB0D}.Debug|Any CPU.Build.0 = Debug|Any CPU
		{F2CC2FE5-4B1D-4897-B19A-39984171EB0D}.Release|Any CPU.ActiveCfg = Release|Any CPU
		{F2CC2FE5-4B1D-4897-B19A-39984171EB0D}.Release|Any CPU.Build.0 = Release|Any CPU
	EndGlobalSection
	GlobalSection(SolutionProperties) = preSolution
		HideSolutionNode = FALSE
	EndGlobalSection
	GlobalSection(NestedProjects) = preSolution
		{033F3784-2E4F-4268-918E-8CAC3DA2556F} = {3EA53F42-F8A5-42DF-BA03-51A086ECA526}
		{337A3979-46AC-400D-9C33-F064608EC508} = {3EA53F42-F8A5-42DF-BA03-51A086ECA526}
		{61B3594B-58D8-4BDE-B511-BA99B19F082F} = {7B6D5B56-98C1-4FBD-A048-71C57993931F}
		{8576B2B2-5644-4FF3-9BA9-2BB23FB02D48} = {7B6D5B56-98C1-4FBD-A048-71C57993931F}
		{F2CC2FE5-4B1D-4897-B19A-39984171EB0D} = {71DA7B70-6DE3-4167-B0B9-4DAC926DD2A0}
	EndGlobalSection
	GlobalSection(ExtensibilityGlobals) = postSolution
		SolutionGuid = {FAF6375A-96D7-4863-A22B-63FE84EACC6D}
	EndGlobalSection
EndGlobal
